
Microsoft Visual Studio Solution File, Format Version 12.00
# Visual Studio Version 16
VisualStudioVersion = 16.0.31515.178
MinimumVisualStudioVersion = 10.0.40219.1
Project("{FAE04EC0-301F-11D3-BF4B-00C04F79EFBC}") = "ZooManagementSystemGW", "ZooManagementSystemGW\ZooManagementSystemGW.csproj", "{EAD73ACF-5966-4B4D-A1B4-3790C55CDF80}"
EndProject
Global
	GlobalSection(SolutionConfigurationPlatforms) = preSolution
		Debug|Any CPU = Debug|Any CPU
		Release|Any CPU = Release|Any CPU
	EndGlobalSection
	GlobalSection(ProjectConfigurationPlatforms) = postSolution
		{EAD73ACF-5966-4B4D-A1B4-3790C55CDF80}.Debug|Any CPU.ActiveCfg = Debug|Any CPU
		{EAD73ACF-5966-4B4D-A1B4-3790C55CDF80}.Debug|Any CPU.Build.0 = Debug|Any CPU
		{EAD73ACF-5966-4B4D-A1B4-3790C55CDF80}.Release|Any CPU.ActiveCfg = Release|Any CPU
		{EAD73ACF-5966-4B4D-A1B4-3790C55CDF80}.Release|Any CPU.Build.0 = Release|Any CPU
	EndGlobalSection
	GlobalSection(SolutionProperties) = preSolution
		HideSolutionNode = FALSE
	EndGlobalSection
	GlobalSection(ExtensibilityGlobals) = postSolution
		SolutionGuid = {718AAF7F-025B-430E-9C96-CBB95DE9E146}
	EndGlobalSection
EndGlobal
